# THIS IS AN AUTOGENERATED FILE. DO NOT EDIT THIS FILE DIRECTLY.
# yarn lockfile v1


ansi-styles@^3.2.1:
  version "3.2.1"
  resolved "https://registry.yarnpkg.com/ansi-styles/-/ansi-styles-3.2.1.tgz#41fbb20243e50b12be0f04b8dedbf07520ce841d"
  dependencies:
    color-convert "^1.9.0"

array-back@^1.0.3, array-back@^1.0.4:
  version "1.0.4"
  resolved "https://registry.yarnpkg.com/array-back/-/array-back-1.0.4.tgz#644ba7f095f7ffcf7c43b5f0dc39d3c1f03c063b"
  dependencies:
    typical "^2.6.0"

array-back@^2.0.0:
  version "2.0.0"
  resolved "https://registry.yarnpkg.com/array-back/-/array-back-2.0.0.tgz#6877471d51ecc9c9bfa6136fb6c7d5fe69748022"
  dependencies:
    typical "^2.6.1"

chalk@^2.3.2:
  version "2.3.2"
  resolved "https://registry.yarnpkg.com/chalk/-/chalk-2.3.2.tgz#250dc96b07491bfd601e648d66ddf5f60c7a5c65"
  dependencies:
    ansi-styles "^3.2.1"
    escape-string-regexp "^1.0.5"
    supports-color "^5.3.0"

co@^4.6.0:
  version "4.6.0"
  resolved "https://registry.yarnpkg.com/co/-/co-4.6.0.tgz#6ea6bdf3d853ae54ccb8e47bfa0bf3f9031fb184"

color-convert@^1.9.0:
  version "1.9.1"
  resolved "https://registry.yarnpkg.com/color-convert/-/color-convert-1.9.1.tgz#c1261107aeb2f294ebffec9ed9ecad529a6097ed"
  dependencies:
    color-name "^1.1.1"

color-name@^1.1.1:
  version "1.1.3"
  resolved "https://registry.yarnpkg.com/color-name/-/color-name-1.1.3.tgz#a7d0558bd89c42f795dd42328f740831ca53bc25"

command-line-args@^4.0.7:
  version "4.0.7"
  resolved "https://registry.yarnpkg.com/command-line-args/-/command-line-args-4.0.7.tgz#f8d1916ecb90e9e121eda6428e41300bfb64cc46"
  dependencies:
    array-back "^2.0.0"
    find-replace "^1.0.3"
    typical "^2.6.1"

command-line-usage@^5.0.3:
  version "5.0.3"
  resolved "https://registry.yarnpkg.com/command-line-usage/-/command-line-usage-5.0.3.tgz#abc62a2fd650eca3f4a692bd524bf1989a62f1b6"
  dependencies:
    array-back "^2.0.0"
    chalk "^2.3.2"
    table-layout "^0.4.3"
    typical "^2.6.1"

deep-extend@~0.5.0:
  version "0.5.0"
  resolved "https://registry.yarnpkg.com/deep-extend/-/deep-extend-0.5.0.tgz#6ef4a09b05f98b0e358d6d93d4ca3caec6672803"

deepl-translator@^1.2.0:
  version "1.2.0"
  resolved "https://registry.yarnpkg.com/deepl-translator/-/deepl-translator-1.2.0.tgz#1b88aa9c5c6719de81471b895581349dd098624b"

escape-string-regexp@^1.0.5:
  version "1.0.5"
  resolved "https://registry.yarnpkg.com/escape-string-regexp/-/escape-string-regexp-1.0.5.tgz#1b61c0562190a8dff6ae3bb2cf0200ca130b86d4"

find-replace@^1.0.3:
  version "1.0.3"
  resolved "https://registry.yarnpkg.com/find-replace/-/find-replace-1.0.3.tgz#b88e7364d2d9c959559f388c66670d6130441fa0"
  dependencies:
    array-back "^1.0.4"
    test-value "^2.1.0"

has-flag@^3.0.0:
  version "3.0.0"
  resolved "https://registry.yarnpkg.com/has-flag/-/has-flag-3.0.0.tgz#b5d454dc2199ae225699f3467e5a07f3b955bafd"

lodash.padend@^4.6.1:
  version "4.6.1"
  resolved "https://registry.yarnpkg.com/lodash.padend/-/lodash.padend-4.6.1.tgz#53ccba047d06e158d311f45da625f4e49e6f166e"

reduce-flatten@^1.0.1:
  version "1.0.1"
  resolved "https://registry.yarnpkg.com/reduce-flatten/-/reduce-flatten-1.0.1.tgz#258c78efd153ddf93cb561237f61184f3696e327"

supports-color@^5.3.0:
  version "5.3.0"
  resolved "https://registry.yarnpkg.com/supports-color/-/supports-color-5.3.0.tgz#5b24ac15db80fa927cf5227a4a33fd3c4c7676c0"
  dependencies:
    has-flag "^3.0.0"

table-layout@^0.4.3:
  version "0.4.3"
  resolved "https://registry.yarnpkg.com/table-layout/-/table-layout-0.4.3.tgz#07509e1d72599f2c128a58ac67682ec4ba002af0"
  dependencies:
    array-back "^2.0.0"
    deep-extend "~0.5.0"
    lodash.padend "^4.6.1"
    typical "^2.6.1"
    wordwrapjs "^3.0.0"

test-value@^2.1.0:
  version "2.1.0"
  resolved "https://registry.yarnpkg.com/test-value/-/test-value-2.1.0.tgz#11da6ff670f3471a73b625ca4f3fdcf7bb748291"
  dependencies:
    array-back "^1.0.3"
    typical "^2.6.0"

typical@^2.6.0, typical@^2.6.1:
  version "2.6.1"
  resolved "https://registry.yarnpkg.com/typical/-/typical-2.6.1.tgz#5c080e5d661cbbe38259d2e70a3c7253e873881d"

wordwrapjs@^3.0.0:
  version "3.0.0"
  resolved "https://registry.yarnpkg.com/wordwrapjs/-/wordwrapjs-3.0.0.tgz#c94c372894cadc6feb1a66bff64e1d9af92c5d1e"
  dependencies:
    reduce-flatten "^1.0.1"
    typical "^2.6.1"
